
Microsoft Visual Studio Solution File, Format Version 12.00
# Visual Studio Version 16
VisualStudioVersion = 16.0.33328.57
MinimumVisualStudioVersion = 10.0.40219.1
Project("{FAE04EC0-301F-11D3-BF4B-00C04F79EFBC}") = "E-Okul_Benzeri_Uygulama", "E-Okul_Benzeri_Uygulama\E-Okul_Benzeri_Uygulama.csproj", "{6743D46F-B6D1-4904-88E1-56AD7C459614}"
EndProject
Global
	GlobalSection(SolutionConfigurationPlatforms) = preSolution
		Debug|Any CPU = Debug|Any CPU
		Release|Any CPU = Release|Any CPU
	EndGlobalSection
	GlobalSection(ProjectConfigurationPlatforms) = postSolution
		{6743D46F-B6D1-4904-88E1-56AD7C459614}.Debug|Any CPU.ActiveCfg = Debug|Any CPU
		{6743D46F-B6D1-4904-88E1-56AD7C459614}.Debug|Any CPU.Build.0 = Debug|Any CPU
		{6743D46F-B6D1-4904-88E1-56AD7C459614}.Release|Any CPU.ActiveCfg = Release|Any CPU
		{6743D46F-B6D1-4904-88E1-56AD7C459614}.Release|Any CPU.Build.0 = Release|Any CPU
	EndGlobalSection
	GlobalSection(SolutionProperties) = preSolution
		HideSolutionNode = FALSE
	EndGlobalSection
	GlobalSection(ExtensibilityGlobals) = postSolution
		SolutionGuid = {A80F5E7A-F049-4319-A56A-C916AB49C65E}
	EndGlobalSection
EndGlobal
